
Microsoft Visual Studio Solution File, Format Version 12.00
# Visual Studio Version 16
VisualStudioVersion = 16.0.30611.23
MinimumVisualStudioVersion = 10.0.40219.1
Project("{9A19103F-16F7-4668-BE54-9A1E7A4F7556}") = "RentAToyota2023", "RentAToyota2023.csproj", "{072E2C1A-440D-4754-8E38-82393CAC32F3}"
EndProject
Global
	GlobalSection(SolutionConfigurationPlatforms) = preSolution
		Debug|Any CPU = Debug|Any CPU
		Release|Any CPU = Release|Any CPU
	EndGlobalSection
	GlobalSection(ProjectConfigurationPlatforms) = postSolution
		{072E2C1A-440D-4754-8E38-82393CAC32F3}.Debug|Any CPU.ActiveCfg = Debug|Any CPU
		{072E2C1A-440D-4754-8E38-82393CAC32F3}.Debug|Any CPU.Build.0 = Debug|Any CPU
		{072E2C1A-440D-4754-8E38-82393CAC32F3}.Release|Any CPU.ActiveCfg = Release|Any CPU
		{072E2C1A-440D-4754-8E38-82393CAC32F3}.Release|Any CPU.Build.0 = Release|Any CPU
	EndGlobalSection
	GlobalSection(SolutionProperties) = preSolution
		HideSolutionNode = FALSE
	EndGlobalSection
	GlobalSection(ExtensibilityGlobals) = postSolution
		SolutionGuid = {4FF1E1D6-2292-4725-BA97-D7A5FF01CED4}
	EndGlobalSection
EndGlobal
